// !$*UTF8*$!
{
	archiveVersion = 1;
	classes = {
	};
	objectVersion = 46;
	objects = {

/* Begin PBXBuildFile section */
		C34F0A8215FF4349002970D0 /* JSONKit.m in Sources */ = {isa = PBXBuildFile; fileRef = C34F0A8115FF4349002970D0 /* JSONKit.m */; settings = {COMPILER_FLAGS = "-fno-objc-arc"; }; };
		C34F0A8515FF435C002970D0 /* libAibangApi.a in Frameworks */ = {isa = PBXBuildFile; fileRef = C34F0A8415FF435C002970D0 /* libAibangApi.a */; };
		C34F0A8815FF4382002970D0 /* CoreLocation.framework in Frameworks */ = {isa = PBXBuildFile; fileRef = C34F0A8715FF4382002970D0 /* CoreLocation.framework */; };
		C34F0A8C15FF4484002970D0 /* ListViewController.m in Sources */ = {isa = PBXBuildFile; fileRef = C34F0A8A15FF4484002970D0 /* ListViewController.m */; };
		C34F0A8D15FF4484002970D0 /* ListViewController.xib in Resources */ = {isa = PBXBuildFile; fileRef = C34F0A8B15FF4484002970D0 /* ListViewController.xib */; };
		C34F0A9115FF458D002970D0 /* MessageViewController.m in Sources */ = {isa = PBXBuildFile; fileRef = C34F0A8F15FF458D002970D0 /* MessageViewController.m */; };
		C34F0A9215FF458D002970D0 /* MessageViewController.xib in Resources */ = {isa = PBXBuildFile; fileRef = C34F0A9015FF458D002970D0 /* MessageViewController.xib */; };
		C3D8B6EE15FD830A008DCE4B /* UIKit.framework in Frameworks */ = {isa = PBXBuildFile; fileRef = C3D8B6ED15FD830A008DCE4B /* UIKit.framework */; };
		C3D8B6F015FD830A008DCE4B /* Foundation.framework in Frameworks */ = {isa = PBXBuildFile; fileRef = C3D8B6EF15FD830A008DCE4B /* Foundation.framework */; };
		C3D8B6F215FD830A008DCE4B /* CoreGraphics.framework in Frameworks */ = {isa = PBXBuildFile; fileRef = C3D8B6F115FD830A008DCE4B /* CoreGraphics.framework */; };
		C3D8B6F815FD830A008DCE4B /* InfoPlist.strings in Resources */ = {isa = PBXBuildFile; fileRef = C3D8B6F615FD830A008DCE4B /* InfoPlist.strings */; };
		C3D8B6FA15FD830A008DCE4B /* main.m in Sources */ = {isa = PBXBuildFile; fileRef = C3D8B6F915FD830A008DCE4B /* main.m */; };
		C3D8B6FE15FD830A008DCE4B /* AppDelegate.m in Sources */ = {isa = PBXBuildFile; fileRef = C3D8B6FD15FD830A008DCE4B /* AppDelegate.m */; };
		C3D8B71A15FD831C008DCE4B /* firstViewController.m in Sources */ = {isa = PBXBuildFile; fileRef = C3D8B71915FD831C008DCE4B /* firstViewController.m */; };
		C3D8B71D15FD8325008DCE4B /* secondViewController.m in Sources */ = {isa = PBXBuildFile; fileRef = C3D8B71C15FD8325008DCE4B /* secondViewController.m */; };
		C3D8B72015FD832C008DCE4B /* thirdViewController.m in Sources */ = {isa = PBXBuildFile; fileRef = C3D8B71F15FD832C008DCE4B /* thirdViewController.m */; };
		C3D8B72315FD8334008DCE4B /* fourViewController.m in Sources */ = {isa = PBXBuildFile; fileRef = C3D8B72215FD8334008DCE4B /* fourViewController.m */; };
		C3D8B73C15FD8467008DCE4B /* 影视.png in Resources */ = {isa = PBXBuildFile; fileRef = C3D8B73815FD8467008DCE4B /* 影视.png */; };
		C3D8B73D15FD8467008DCE4B /* 饮食.png in Resources */ = {isa = PBXBuildFile; fileRef = C3D8B73915FD8467008DCE4B /* 饮食.png */; };
		C3D8B73E15FD8467008DCE4B /* 首页.png in Resources */ = {isa = PBXBuildFile; fileRef = C3D8B73A15FD8467008DCE4B /* 首页.png */; };
		C3D8B73F15FD8467008DCE4B /* 天气.png in Resources */ = {isa = PBXBuildFile; fileRef = C3D8B73B15FD8467008DCE4B /* 天气.png */; };
		C3D8B74315FD8530008DCE4B /* HomePageViewController.m in Sources */ = {isa = PBXBuildFile; fileRef = C3D8B74115FD8530008DCE4B /* HomePageViewController.m */; };
		C3D8B74415FD8530008DCE4B /* HomePageViewController.xib in Resources */ = {isa = PBXBuildFile; fileRef = C3D8B74215FD8530008DCE4B /* HomePageViewController.xib */; };
		C3D8B74D15FD85CD008DCE4B /* WeatherViewController.m in Sources */ = {isa = PBXBuildFile; fileRef = C3D8B74B15FD85CD008DCE4B /* WeatherViewController.m */; };
		C3D8B74E15FD85CD008DCE4B /* WeatherViewController.xib in Resources */ = {isa = PBXBuildFile; fileRef = C3D8B74C15FD85CD008DCE4B /* WeatherViewController.xib */; };
		C3D8B75215FD862E008DCE4B /* FoodViewController.m in Sources */ = {isa = PBXBuildFile; fileRef = C3D8B75015FD862E008DCE4B /* FoodViewController.m */; };
		C3D8B75315FD862E008DCE4B /* FoodViewController.xib in Resources */ = {isa = PBXBuildFile; fileRef = C3D8B75115FD862E008DCE4B /* FoodViewController.xib */; };
		C3D8B75615FD867F008DCE4B /* FilmViewController.m in Sources */ = {isa = PBXBuildFile; fileRef = C3D8B75515FD867F008DCE4B /* FilmViewController.m */; };
/* End PBXBuildFile section */

/* Begin PBXFileReference section */
		C34F0A8015FF4349002970D0 /* JSONKit.h */ = {isa = PBXFileReference; fileEncoding = 4; lastKnownFileType = sourcecode.c.h; path = JSONKit.h; sourceTree = "<group>"; };
		C34F0A8115FF4349002970D0 /* JSONKit.m */ = {isa = PBXFileReference; fileEncoding = 4; lastKnownFileType = sourcecode.c.objc; path = JSONKit.m; sourceTree = "<group>"; };
		C34F0A8415FF435C002970D0 /* libAibangApi.a */ = {isa = PBXFileReference; lastKnownFileType = archive.ar; path = libAibangApi.a; sourceTree = "<group>"; };
		C34F0A8615FF436D002970D0 /* AibangApi.h */ = {isa = PBXFileReference; fileEncoding = 4; lastKnownFileType = sourcecode.c.h; path = AibangApi.h; sourceTree = "<group>"; };
		C34F0A8715FF4382002970D0 /* CoreLocation.framework */ = {isa = PBXFileReference; lastKnownFileType = wrapper.framework; name = CoreLocation.framework; path = System/Library/Frameworks/CoreLocation.framework; sourceTree = SDKROOT; };
		C34F0A8915FF4484002970D0 /* ListViewController.h */ = {isa = PBXFileReference; fileEncoding = 4; lastKnownFileType = sourcecode.c.h; path = ListViewController.h; sourceTree = "<group>"; };
		C34F0A8A15FF4484002970D0 /* ListViewController.m */ = {isa = PBXFileReference; fileEncoding = 4; lastKnownFileType = sourcecode.c.objc; path = ListViewController.m; sourceTree = "<group>"; };
		C34F0A8B15FF4484002970D0 /* ListViewController.xib */ = {isa = PBXFileReference; fileEncoding = 4; lastKnownFileType = file.xib; path = ListViewController.xib; sourceTree = "<group>"; };
		C34F0A8E15FF458D002970D0 /* MessageViewController.h */ = {isa = PBXFileReference; fileEncoding = 4; lastKnownFileType = sourcecode.c.h; path = MessageViewController.h; sourceTree = "<group>"; };
		C34F0A8F15FF458D002970D0 /* MessageViewController.m */ = {isa = PBXFileReference; fileEncoding = 4; lastKnownFileType = sourcecode.c.objc; path = MessageViewController.m; sourceTree = "<group>"; };
		C34F0A9015FF458D002970D0 /* MessageViewController.xib */ = {isa = PBXFileReference; fileEncoding = 4; lastKnownFileType = file.xib; path = MessageViewController.xib; sourceTree = "<group>"; };
		C3D8B6E915FD830A008DCE4B /* 风尚生活.app */ = {isa = PBXFileReference; explicitFileType = wrapper.application; includeInIndex = 0; path = "风尚生活.app"; sourceTree = BUILT_PRODUCTS_DIR; };
		C3D8B6ED15FD830A008DCE4B /* UIKit.framework */ = {isa = PBXFileReference; lastKnownFileType = wrapper.framework; name = UIKit.framework; path = System/Library/Frameworks/UIKit.framework; sourceTree = SDKROOT; };
		C3D8B6EF15FD830A008DCE4B /* Foundation.framework */ = {isa = PBXFileReference; lastKnownFileType = wrapper.framework; name = Foundation.framework; path = System/Library/Frameworks/Foundation.framework; sourceTree = SDKROOT; };
		C3D8B6F115FD830A008DCE4B /* CoreGraphics.framework */ = {isa = PBXFileReference; lastKnownFileType = wrapper.framework; name = CoreGraphics.framework; path = System/Library/Frameworks/CoreGraphics.framework; sourceTree = SDKROOT; };
		C3D8B6F515FD830A008DCE4B /* 风尚生活-Info.plist */ = {isa = PBXFileReference; lastKnownFileType = text.plist.xml; path = "风尚生活-Info.plist"; sourceTree = "<group>"; };
		C3D8B6F715FD830A008DCE4B /* en */ = {isa = PBXFileReference; lastKnownFileType = text.plist.strings; name = en; path = en.lproj/InfoPlist.strings; sourceTree = "<group>"; };
		C3D8B6F915FD830A008DCE4B /* main.m */ = {isa = PBXFileReference; lastKnownFileType = sourcecode.c.objc; path = main.m; sourceTree = "<group>"; };
		C3D8B6FB15FD830A008DCE4B /* 风尚生活-Prefix.pch */ = {isa = PBXFileReference; lastKnownFileType = sourcecode.c.h; path = "风尚生活-Prefix.pch"; sourceTree = "<group>"; };
		C3D8B6FC15FD830A008DCE4B /* AppDelegate.h */ = {isa = PBXFileReference; lastKnownFileType = sourcecode.c.h; path = AppDelegate.h; sourceTree = "<group>"; };
		C3D8B6FD15FD830A008DCE4B /* AppDelegate.m */ = {isa = PBXFileReference; lastKnownFileType = sourcecode.c.objc; path = AppDelegate.m; sourceTree = "<group>"; };
		C3D8B71815FD831C008DCE4B /* firstViewController.h */ = {isa = PBXFileReference; fileEncoding = 4; lastKnownFileType = sourcecode.c.h; path = firstViewController.h; sourceTree = "<group>"; };
		C3D8B71915FD831C008DCE4B /* firstViewController.m */ = {isa = PBXFileReference; fileEncoding = 4; lastKnownFileType = sourcecode.c.objc; path = firstViewController.m; sourceTree = "<group>"; };
		C3D8B71B15FD8325008DCE4B /* secondViewController.h */ = {isa = PBXFileReference; fileEncoding = 4; lastKnownFileType = sourcecode.c.h; path = secondViewController.h; sourceTree = "<group>"; };
		C3D8B71C15FD8325008DCE4B /* secondViewController.m */ = {isa = PBXFileReference; fileEncoding = 4; lastKnownFileType = sourcecode.c.objc; path = secondViewController.m; sourceTree = "<group>"; };
		C3D8B71E15FD832C008DCE4B /* thirdViewController.h */ = {isa = PBXFileReference; fileEncoding = 4; lastKnownFileType = sourcecode.c.h; path = thirdViewController.h; sourceTree = "<group>"; };
		C3D8B71F15FD832C008DCE4B /* thirdViewController.m */ = {isa = PBXFileReference; fileEncoding = 4; lastKnownFileType = sourcecode.c.objc; path = thirdViewController.m; sourceTree = "<group>"; };
		C3D8B72115FD8334008DCE4B /* fourViewController.h */ = {isa = PBXFileReference; fileEncoding = 4; lastKnownFileType = sourcecode.c.h; path = fourViewController.h; sourceTree = "<group>"; };
		C3D8B72215FD8334008DCE4B /* fourViewController.m */ = {isa = PBXFileReference; fileEncoding = 4; lastKnownFileType = sourcecode.c.objc; path = fourViewController.m; sourceTree = "<group>"; };
		C3D8B73815FD8467008DCE4B /* 影视.png */ = {isa = PBXFileReference; lastKnownFileType = image.png; path = "影视.png"; sourceTree = "<group>"; };
		C3D8B73915FD8467008DCE4B /* 饮食.png */ = {isa = PBXFileReference; lastKnownFileType = image.png; path = "饮食.png"; sourceTree = "<group>"; };
		C3D8B73A15FD8467008DCE4B /* 首页.png */ = {isa = PBXFileReference; lastKnownFileType = image.png; path = "首页.png"; sourceTree = "<group>"; };
		C3D8B73B15FD8467008DCE4B /* 天气.png */ = {isa = PBXFileReference; lastKnownFileType = image.png; path = "天气.png"; sourceTree = "<group>"; };
		C3D8B74015FD8530008DCE4B /* HomePageViewController.h */ = {isa = PBXFileReference; fileEncoding = 4; lastKnownFileType = sourcecode.c.h; path = HomePageViewController.h; sourceTree = "<group>"; };
		C3D8B74115FD8530008DCE4B /* HomePageViewController.m */ = {isa = PBXFileReference; fileEncoding = 4; lastKnownFileType = sourcecode.c.objc; path = HomePageViewController.m; sourceTree = "<group>"; };
		C3D8B74215FD8530008DCE4B /* HomePageViewController.xib */ = {isa = PBXFileReference; fileEncoding = 4; lastKnownFileType = file.xib; path = HomePageViewController.xib; sourceTree = "<group>"; };
		C3D8B74A15FD85CD008DCE4B /* WeatherViewController.h */ = {isa = PBXFileReference; fileEncoding = 4; lastKnownFileType = sourcecode.c.h; path = WeatherViewController.h; sourceTree = "<group>"; };
		C3D8B74B15FD85CD008DCE4B /* WeatherViewController.m */ = {isa = PBXFileReference; fileEncoding = 4; lastKnownFileType = sourcecode.c.objc; path = WeatherViewController.m; sourceTree = "<group>"; };
		C3D8B74C15FD85CD008DCE4B /* WeatherViewController.xib */ = {isa = PBXFileReference; fileEncoding = 4; lastKnownFileType = file.xib; path = WeatherViewController.xib; sourceTree = "<group>"; };
		C3D8B74F15FD862E008DCE4B /* FoodViewController.h */ = {isa = PBXFileReference; fileEncoding = 4; lastKnownFileType = sourcecode.c.h; path = FoodViewController.h; sourceTree = "<group>"; };
		C3D8B75015FD862E008DCE4B /* FoodViewController.m */ = {isa = PBXFileReference; fileEncoding = 4; lastKnownFileType = sourcecode.c.objc; path = FoodViewController.m; sourceTree = "<group>"; };
		C3D8B75115FD862E008DCE4B /* FoodViewController.xib */ = {isa = PBXFileReference; fileEncoding = 4; lastKnownFileType = file.xib; path = FoodViewController.xib; sourceTree = "<group>"; };
		C3D8B75415FD867F008DCE4B /* FilmViewController.h */ = {isa = PBXFileReference; fileEncoding = 4; lastKnownFileType = sourcecode.c.h; path = FilmViewController.h; sourceTree = "<group>"; };
		C3D8B75515FD867F008DCE4B /* FilmViewController.m */ = {isa = PBXFileReference; fileEncoding = 4; lastKnownFileType = sourcecode.c.objc; path = FilmViewController.m; sourceTree = "<group>"; };
/* End PBXFileReference section */

/* Begin PBXFrameworksBuildPhase section */
		C3D8B6E615FD830A008DCE4B /* Frameworks */ = {
			isa = PBXFrameworksBuildPhase;
			buildActionMask = 2147483647;
			files = (
				C34F0A8815FF4382002970D0 /* CoreLocation.framework in Frameworks */,
				C3D8B6EE15FD830A008DCE4B /* UIKit.framework in Frameworks */,
				C3D8B6F015FD830A008DCE4B /* Foundation.framework in Frameworks */,
				C3D8B6F215FD830A008DCE4B /* CoreGraphics.framework in Frameworks */,
				C34F0A8515FF435C002970D0 /* libAibangApi.a in Frameworks */,
			);
			runOnlyForDeploymentPostprocessing = 0;
		};
/* End PBXFrameworksBuildPhase section */

/* Begin PBXGroup section */
		C34F0A7F15FF4349002970D0 /* JSONKit */ = {
			isa = PBXGroup;
			children = (
				C34F0A8015FF4349002970D0 /* JSONKit.h */,
				C34F0A8115FF4349002970D0 /* JSONKit.m */,
			);
			path = JSONKit;
			sourceTree = "<group>";
		};
		C3D8B6DE15FD830A008DCE4B = {
			isa = PBXGroup;
			children = (
				C34F0A8715FF4382002970D0 /* CoreLocation.framework */,
				C34F0A8615FF436D002970D0 /* AibangApi.h */,
				C34F0A8415FF435C002970D0 /* libAibangApi.a */,
				C34F0A7F15FF4349002970D0 /* JSONKit */,
				C3D8B6F315FD830A008DCE4B /* 风尚生活 */,
				C3D8B6EC15FD830A008DCE4B /* Frameworks */,
				C3D8B6EA15FD830A008DCE4B /* Products */,
			);
			sourceTree = "<group>";
		};
		C3D8B6EA15FD830A008DCE4B /* Products */ = {
			isa = PBXGroup;
			children = (
				C3D8B6E915FD830A008DCE4B /* 风尚生活.app */,
			);
			name = Products;
			sourceTree = "<group>";
		};
		C3D8B6EC15FD830A008DCE4B /* Frameworks */ = {
			isa = PBXGroup;
			children = (
				C3D8B6ED15FD830A008DCE4B /* UIKit.framework */,
				C3D8B6EF15FD830A008DCE4B /* Foundation.framework */,
				C3D8B6F115FD830A008DCE4B /* CoreGraphics.framework */,
			);
			name = Frameworks;
			sourceTree = "<group>";
		};
		C3D8B6F315FD830A008DCE4B /* 风尚生活 */ = {
			isa = PBXGroup;
			children = (
				C3D8B6FC15FD830A008DCE4B /* AppDelegate.h */,
				C3D8B6FD15FD830A008DCE4B /* AppDelegate.m */,
				C3D8B71815FD831C008DCE4B /* firstViewController.h */,
				C3D8B71915FD831C008DCE4B /* firstViewController.m */,
				C3D8B71B15FD8325008DCE4B /* secondViewController.h */,
				C3D8B71C15FD8325008DCE4B /* secondViewController.m */,
				C3D8B71E15FD832C008DCE4B /* thirdViewController.h */,
				C3D8B71F15FD832C008DCE4B /* thirdViewController.m */,
				C3D8B72115FD8334008DCE4B /* fourViewController.h */,
				C3D8B72215FD8334008DCE4B /* fourViewController.m */,
				C3D8B72415FD83AE008DCE4B /* homePage */,
				C3D8B72715FD83D6008DCE4B /* weather */,
				C3D8B72815FD83E2008DCE4B /* food */,
				C3D8B72615FD83C9008DCE4B /* film */,
				C3D8B6F415FD830A008DCE4B /* Supporting Files */,
			);
			path = "风尚生活";
			sourceTree = "<group>";
		};
		C3D8B6F415FD830A008DCE4B /* Supporting Files */ = {
			isa = PBXGroup;
			children = (
				C3D8B75715FD8702008DCE4B /* images */,
				C3D8B6F515FD830A008DCE4B /* 风尚生活-Info.plist */,
				C3D8B6F615FD830A008DCE4B /* InfoPlist.strings */,
				C3D8B6F915FD830A008DCE4B /* main.m */,
				C3D8B6FB15FD830A008DCE4B /* 风尚生活-Prefix.pch */,
			);
			name = "Supporting Files";
			sourceTree = "<group>";
		};
		C3D8B72415FD83AE008DCE4B /* homePage */ = {
			isa = PBXGroup;
			children = (
				C3D8B74015FD8530008DCE4B /* HomePageViewController.h */,
				C3D8B74115FD8530008DCE4B /* HomePageViewController.m */,
				C3D8B74215FD8530008DCE4B /* HomePageViewController.xib */,
			);
			name = homePage;
			sourceTree = "<group>";
		};
		C3D8B72615FD83C9008DCE4B /* film */ = {
			isa = PBXGroup;
			children = (
				C3D8B75415FD867F008DCE4B /* FilmViewController.h */,
				C3D8B75515FD867F008DCE4B /* FilmViewController.m */,
			);
			name = film;
			sourceTree = "<group>";
		};
		C3D8B72715FD83D6008DCE4B /* weather */ = {
			isa = PBXGroup;
			children = (
				C3D8B74A15FD85CD008DCE4B /* WeatherViewController.h */,
				C3D8B74B15FD85CD008DCE4B /* WeatherViewController.m */,
				C3D8B74C15FD85CD008DCE4B /* WeatherViewController.xib */,
			);
			name = weather;
			sourceTree = "<group>";
		};
		C3D8B72815FD83E2008DCE4B /* food */ = {
			isa = PBXGroup;
			children = (
				C3D8B74F15FD862E008DCE4B /* FoodViewController.h */,
				C3D8B75015FD862E008DCE4B /* FoodViewController.m */,
				C34F0A8915FF4484002970D0 /* ListViewController.h */,
				C34F0A8A15FF4484002970D0 /* ListViewController.m */,
				C34F0A8E15FF458D002970D0 /* MessageViewController.h */,
				C34F0A8F15FF458D002970D0 /* MessageViewController.m */,
				C34F0A9015FF458D002970D0 /* MessageViewController.xib */,
				C34F0A8B15FF4484002970D0 /* ListViewController.xib */,
				C3D8B75115FD862E008DCE4B /* FoodViewController.xib */,
			);
			name = food;
			sourceTree = "<group>";
		};
		C3D8B75715FD8702008DCE4B /* images */ = {
			isa = PBXGroup;
			children = (
				C3D8B73815FD8467008DCE4B /* 影视.png */,
				C3D8B73915FD8467008DCE4B /* 饮食.png */,
				C3D8B73A15FD8467008DCE4B /* 首页.png */,
				C3D8B73B15FD8467008DCE4B /* 天气.png */,
			);
			name = images;
			sourceTree = "<group>";
		};
/* End PBXGroup section */

/* Begin PBXNativeTarget section */
		C3D8B6E815FD830A008DCE4B /* 风尚生活 */ = {
			isa = PBXNativeTarget;
			buildConfigurationList = C3D8B71515FD830B008DCE4B /* Build configuration list for PBXNativeTarget "风尚生活" */;
			buildPhases = (
				C3D8B6E515FD830A008DCE4B /* Sources */,
				C3D8B6E615FD830A008DCE4B /* Frameworks */,
				C3D8B6E715FD830A008DCE4B /* Resources */,
			);
			buildRules = (
			);
			dependencies = (
			);
			name = "风尚生活";
			productName = "风尚生活";
			productReference = C3D8B6E915FD830A008DCE4B /* 风尚生活.app */;
			productType = "com.apple.product-type.application";
		};
/* End PBXNativeTarget section */

/* Begin PBXProject section */
		C3D8B6E015FD830A008DCE4B /* Project object */ = {
			isa = PBXProject;
			attributes = {
				LastUpgradeCheck = 0440;
				ORGANIZATIONNAME = administrator;
			};
			buildConfigurationList = C3D8B6E315FD830A008DCE4B /* Build configuration list for PBXProject "风尚生活" */;
			compatibilityVersion = "Xcode 3.2";
			developmentRegion = English;
			hasScannedForEncodings = 0;
			knownRegions = (
				en,
			);
			mainGroup = C3D8B6DE15FD830A008DCE4B;
			productRefGroup = C3D8B6EA15FD830A008DCE4B /* Products */;
			projectDirPath = "";
			projectRoot = "";
			targets = (
				C3D8B6E815FD830A008DCE4B /* 风尚生活 */,
			);
		};
/* End PBXProject section */

/* Begin PBXResourcesBuildPhase section */
		C3D8B6E715FD830A008DCE4B /* Resources */ = {
			isa = PBXResourcesBuildPhase;
			buildActionMask = 2147483647;
			files = (
				C3D8B6F815FD830A008DCE4B /* InfoPlist.strings in Resources */,
				C3D8B73C15FD8467008DCE4B /* 影视.png in Resources */,
				C3D8B73D15FD8467008DCE4B /* 饮食.png in Resources */,
				C3D8B73E15FD8467008DCE4B /* 首页.png in Resources */,
				C3D8B73F15FD8467008DCE4B /* 天气.png in Resources */,
				C3D8B74415FD8530008DCE4B /* HomePageViewController.xib in Resources */,
				C3D8B74E15FD85CD008DCE4B /* WeatherViewController.xib in Resources */,
				C3D8B75315FD862E008DCE4B /* FoodViewController.xib in Resources */,
				C34F0A8D15FF4484002970D0 /* ListViewController.xib in Resources */,
				C34F0A9215FF458D002970D0 /* MessageViewController.xib in Resources */,
			);
			runOnlyForDeploymentPostprocessing = 0;
		};
/* End PBXResourcesBuildPhase section */

/* Begin PBXSourcesBuildPhase section */
		C3D8B6E515FD830A008DCE4B /* Sources */ = {
			isa = PBXSourcesBuildPhase;
			buildActionMask = 2147483647;
			files = (
				C3D8B6FA15FD830A008DCE4B /* main.m in Sources */,
				C3D8B6FE15FD830A008DCE4B /* AppDelegate.m in Sources */,
				C3D8B71A15FD831C008DCE4B /* firstViewController.m in Sources */,
				C3D8B71D15FD8325008DCE4B /* secondViewController.m in Sources */,
				C3D8B72015FD832C008DCE4B /* thirdViewController.m in Sources */,
				C3D8B72315FD8334008DCE4B /* fourViewController.m in Sources */,
				C3D8B74315FD8530008DCE4B /* HomePageViewController.m in Sources */,
				C3D8B74D15FD85CD008DCE4B /* WeatherViewController.m in Sources */,
				C3D8B75215FD862E008DCE4B /* FoodViewController.m in Sources */,
				C3D8B75615FD867F008DCE4B /* FilmViewController.m in Sources */,
				C34F0A8215FF4349002970D0 /* JSONKit.m in Sources */,
				C34F0A8C15FF4484002970D0 /* ListViewController.m in Sources */,
				C34F0A9115FF458D002970D0 /* MessageViewController.m in Sources */,
			);
			runOnlyForDeploymentPostprocessing = 0;
		};
/* End PBXSourcesBuildPhase section */

/* Begin PBXVariantGroup section */
		C3D8B6F615FD830A008DCE4B /* InfoPlist.strings */ = {
			isa = PBXVariantGroup;
			children = (
				C3D8B6F715FD830A008DCE4B /* en */,
			);
			name = InfoPlist.strings;
			sourceTree = "<group>";
		};
/* End PBXVariantGroup section */

/* Begin XCBuildConfiguration section */
		C3D8B71315FD830B008DCE4B /* Debug */ = {
			isa = XCBuildConfiguration;
			buildSettings = {
				ALWAYS_SEARCH_USER_PATHS = NO;
				ARCHS = "$(ARCHS_STANDARD_32_BIT)";
				CLANG_CXX_LANGUAGE_STANDARD = "gnu++0x";
				CLANG_ENABLE_OBJC_ARC = YES;
				CLANG_WARN__DUPLICATE_METHOD_MATCH = YES;
				"CODE_SIGN_IDENTITY[sdk=iphoneos*]" = "iPhone Developer";
				COPY_PHASE_STRIP = NO;
				GCC_C_LANGUAGE_STANDARD = gnu99;
				GCC_DYNAMIC_NO_PIC = NO;
				GCC_OPTIMIZATION_LEVEL = 0;
				GCC_PREPROCESSOR_DEFINITIONS = (
					"DEBUG=1",
					"$(inherited)",
				);
				GCC_SYMBOLS_PRIVATE_EXTERN = NO;
				GCC_VERSION = com.apple.compilers.llvm.clang.1_0;
				GCC_WARN_ABOUT_RETURN_TYPE = YES;
				GCC_WARN_UNINITIALIZED_AUTOS = YES;
				GCC_WARN_UNUSED_VARIABLE = YES;
				IPHONEOS_DEPLOYMENT_TARGET = 5.1;
				SDKROOT = iphoneos;
			};
			name = Debug;
		};
		C3D8B71415FD830B008DCE4B /* Release */ = {
			isa = XCBuildConfiguration;
			buildSettings = {
				ALWAYS_SEARCH_USER_PATHS = NO;
				ARCHS = "$(ARCHS_STANDARD_32_BIT)";
				CLANG_CXX_LANGUAGE_STANDARD = "gnu++0x";
				CLANG_ENABLE_OBJC_ARC = YES;
				CLANG_WARN__DUPLICATE_METHOD_MATCH = YES;
				"CODE_SIGN_IDENTITY[sdk=iphoneos*]" = "iPhone Developer";
				COPY_PHASE_STRIP = YES;
				GCC_C_LANGUAGE_STANDARD = gnu99;
				GCC_VERSION = com.apple.compilers.llvm.clang.1_0;
				GCC_WARN_ABOUT_RETURN_TYPE = YES;
				GCC_WARN_UNINITIALIZED_AUTOS = YES;
				GCC_WARN_UNUSED_VARIABLE = YES;
				IPHONEOS_DEPLOYMENT_TARGET = 5.1;
				OTHER_CFLAGS = "-DNS_BLOCK_ASSERTIONS=1";
				SDKROOT = iphoneos;
				VALIDATE_PRODUCT = YES;
			};
			name = Release;
		};
		C3D8B71615FD830B008DCE4B /* Debug */ = {
			isa = XCBuildConfiguration;
			buildSettings = {
				GCC_PRECOMPILE_PREFIX_HEADER = YES;
				GCC_PREFIX_HEADER = "风尚生活/风尚生活-Prefix.pch";
				INFOPLIST_FILE = "风尚生活/风尚生活-Info.plist";
				LIBRARY_SEARCH_PATHS = (
					"$(inherited)",
					"\"$(SRCROOT)\"",
				);
				PRODUCT_NAME = "$(TARGET_NAME)";
				WRAPPER_EXTENSION = app;
			};
			name = Debug;
		};
		C3D8B71715FD830B008DCE4B /* Release */ = {
			isa = XCBuildConfiguration;
			buildSettings = {
				GCC_PRECOMPILE_PREFIX_HEADER = YES;
				GCC_PREFIX_HEADER = "风尚生活/风尚生活-Prefix.pch";
				INFOPLIST_FILE = "风尚生活/风尚生活-Info.plist";
				LIBRARY_SEARCH_PATHS = (
					"$(inherited)",
					"\"$(SRCROOT)\"",
				);
				PRODUCT_NAME = "$(TARGET_NAME)";
				WRAPPER_EXTENSION = app;
			};
			name = Release;
		};
/* End XCBuildConfiguration section */

/* Begin XCConfigurationList section */
		C3D8B6E315FD830A008DCE4B /* Build configuration list for PBXProject "风尚生活" */ = {
			isa = XCConfigurationList;
			buildConfigurations = (
				C3D8B71315FD830B008DCE4B /* Debug */,
				C3D8B71415FD830B008DCE4B /* Release */,
			);
			defaultConfigurationIsVisible = 0;
			defaultConfigurationName = Release;
		};
		C3D8B71515FD830B008DCE4B /* Build configuration list for PBXNativeTarget "风尚生活" */ = {
			isa = XCConfigurationList;
			buildConfigurations = (
				C3D8B71615FD830B008DCE4B /* Debug */,
				C3D8B71715FD830B008DCE4B /* Release */,
			);
			defaultConfigurationIsVisible = 0;
			defaultConfigurationName = Release;
		};
/* End XCConfigurationList section */
	};
	rootObject = C3D8B6E015FD830A008DCE4B /* Project object */;
}
